
Microsoft Visual Studio Solution File, Format Version 12.00
# Visual Studio 14
VisualStudioVersion = 14.0.25420.1
MinimumVisualStudioVersion = 10.0.40219.1
Project("{8BC9CEB8-8B4A-11D0-8D11-00A0C91BC942}") = "4.21", "4.21\4.21.vcxproj", "{616A9D1B-309D-4B6A-8E65-66FBC16FE76B}"
EndProject
Project("{8BC9CEB8-8B4A-11D0-8D11-00A0C91BC942}") = "3.39", "3.39\3.39.vcxproj", "{B1EEC63F-0162-4588-AEFD-141A60C55447}"
EndProject
Project("{8BC9CEB8-8B4A-11D0-8D11-00A0C91BC942}") = "3.41", "3.41\3.41.vcxproj", "{92781E88-ECC5-4FF5-B15F-22EF5C84BBF5}"
EndProject
Project("{8BC9CEB8-8B4A-11D0-8D11-00A0C91BC942}") = "3.42", "3.42\3.42.vcxproj", "{5473C1D2-6260-4C84-828F-9158C4F4E015}"
EndProject
Project("{8BC9CEB8-8B4A-11D0-8D11-00A0C91BC942}") = "3.17", "3.17\3.17.vcxproj", "{33CA24AB-C737-4AFD-8279-33F8289A1BB5}"
EndProject
Project("{8BC9CEB8-8B4A-11D0-8D11-00A0C91BC942}") = "5.9", "5.9\5.9.vcxproj", "{4D791FB1-D56E-4904-8E31-AC9387FEA770}"
EndProject
Project("{8BC9CEB8-8B4A-11D0-8D11-00A0C91BC942}") = "5.10", "5.10\5.10.vcxproj", "{A3544C62-1EEB-49DD-94DE-5122C8BDF15F}"
EndProject
Project("{8BC9CEB8-8B4A-11D0-8D11-00A0C91BC942}") = "5.11", "5.11\5.11.vcxproj", "{05C792B6-4E9E-48CD-9EAD-1761BFFEF836}"
EndProject
Project("{8BC9CEB8-8B4A-11D0-8D11-00A0C91BC942}") = "5.12", "5.12\5.12.vcxproj", "{8027ABC6-D27B-453D-AB8F-072DFCFB127E}"
EndProject
Project("{8BC9CEB8-8B4A-11D0-8D11-00A0C91BC942}") = "5.17", "5.17\5.17.vcxproj", "{9D3132E7-FA4A-445C-A447-CB03ED1FE474}"
EndProject
Project("{8BC9CEB8-8B4A-11D0-8D11-00A0C91BC942}") = "5.23", "5.23\5.23.vcxproj", "{BE742BC2-B721-4DF1-947F-ECB997E18E74}"
EndProject
Project("{8BC9CEB8-8B4A-11D0-8D11-00A0C91BC942}") = "5.24", "5.24\5.24.vcxproj", "{FCDFEF11-D9B5-4E99-8B88-521065B33CF5}"
EndProject
Project("{8BC9CEB8-8B4A-11D0-8D11-00A0C91BC942}") = "5.25", "5.25\5.25.vcxproj", "{E178E37D-F936-4828-A165-147737ACFBD5}"
EndProject
Global
	GlobalSection(SolutionConfigurationPlatforms) = preSolution
		Debug|x64 = Debug|x64
		Debug|x86 = Debug|x86
		Release|x64 = Release|x64
		Release|x86 = Release|x86
	EndGlobalSection
	GlobalSection(ProjectConfigurationPlatforms) = postSolution
		{616A9D1B-309D-4B6A-8E65-66FBC16FE76B}.Debug|x64.ActiveCfg = Debug|x64
		{616A9D1B-309D-4B6A-8E65-66FBC16FE76B}.Debug|x64.Build.0 = Debug|x64
		{616A9D1B-309D-4B6A-8E65-66FBC16FE76B}.Debug|x86.ActiveCfg = Debug|Win32
		{616A9D1B-309D-4B6A-8E65-66FBC16FE76B}.Debug|x86.Build.0 = Debug|Win32
		{616A9D1B-309D-4B6A-8E65-66FBC16FE76B}.Release|x64.ActiveCfg = Release|x64
		{616A9D1B-309D-4B6A-8E65-66FBC16FE76B}.Release|x64.Build.0 = Release|x64
		{616A9D1B-309D-4B6A-8E65-66FBC16FE76B}.Release|x86.ActiveCfg = Release|Win32
		{616A9D1B-309D-4B6A-8E65-66FBC16FE76B}.Release|x86.Build.0 = Release|Win32
		{B1EEC63F-0162-4588-AEFD-141A60C55447}.Debug|x64.ActiveCfg = Debug|x64
		{B1EEC63F-0162-4588-AEFD-141A60C55447}.Debug|x64.Build.0 = Debug|x64
		{B1EEC63F-0162-4588-AEFD-141A60C55447}.Debug|x86.ActiveCfg = Debug|Win32
		{B1EEC63F-0162-4588-AEFD-141A60C55447}.Debug|x86.Build.0 = Debug|Win32
		{B1EEC63F-0162-4588-AEFD-141A60C55447}.Release|x64.ActiveCfg = Release|x64
		{B1EEC63F-0162-4588-AEFD-141A60C55447}.Release|x64.Build.0 = Release|x64
		{B1EEC63F-0162-4588-AEFD-141A60C55447}.Release|x86.ActiveCfg = Release|Win32
		{B1EEC63F-0162-4588-AEFD-141A60C55447}.Release|x86.Build.0 = Release|Win32
		{92781E88-ECC5-4FF5-B15F-22EF5C84BBF5}.Debug|x64.ActiveCfg = Debug|x64
		{92781E88-ECC5-4FF5-B15F-22EF5C84BBF5}.Debug|x64.Build.0 = Debug|x64
		{92781E88-ECC5-4FF5-B15F-22EF5C84BBF5}.Debug|x86.ActiveCfg = Debug|Win32
		{92781E88-ECC5-4FF5-B15F-22EF5C84BBF5}.Debug|x86.Build.0 = Debug|Win32
		{92781E88-ECC5-4FF5-B15F-22EF5C84BBF5}.Release|x64.ActiveCfg = Release|x64
		{92781E88-ECC5-4FF5-B15F-22EF5C84BBF5}.Release|x64.Build.0 = Release|x64
		{92781E88-ECC5-4FF5-B15F-22EF5C84BBF5}.Release|x86.ActiveCfg = Release|Win32
		{92781E88-ECC5-4FF5-B15F-22EF5C84BBF5}.Release|x86.Build.0 = Release|Win32
		{5473C1D2-6260-4C84-828F-9158C4F4E015}.Debug|x64.ActiveCfg = Debug|x64
		{5473C1D2-6260-4C84-828F-9158C4F4E015}.Debug|x64.Build.0 = Debug|x64
		{5473C1D2-6260-4C84-828F-9158C4F4E015}.Debug|x86.ActiveCfg = Debug|Win32
		{5473C1D2-6260-4C84-828F-9158C4F4E015}.Debug|x86.Build.0 = Debug|Win32
		{5473C1D2-6260-4C84-828F-9158C4F4E015}.Release|x64.ActiveCfg = Release|x64
		{5473C1D2-6260-4C84-828F-9158C4F4E015}.Release|x64.Build.0 = Release|x64
		{5473C1D2-6260-4C84-828F-9158C4F4E015}.Release|x86.ActiveCfg = Release|Win32
		{5473C1D2-6260-4C84-828F-9158C4F4E015}.Release|x86.Build.0 = Release|Win32
		{33CA24AB-C737-4AFD-8279-33F8289A1BB5}.Debug|x64.ActiveCfg = Debug|x64
		{33CA24AB-C737-4AFD-8279-33F8289A1BB5}.Debug|x64.Build.0 = Debug|x64
		{33CA24AB-C737-4AFD-8279-33F8289A1BB5}.Debug|x86.ActiveCfg = Debug|Win32
		{33CA24AB-C737-4AFD-8279-33F8289A1BB5}.Debug|x86.Build.0 = Debug|Win32
		{33CA24AB-C737-4AFD-8279-33F8289A1BB5}.Release|x64.ActiveCfg = Release|x64
		{33CA24AB-C737-4AFD-8279-33F8289A1BB5}.Release|x64.Build.0 = Release|x64
		{33CA24AB-C737-4AFD-8279-33F8289A1BB5}.Release|x86.ActiveCfg = Release|Win32
		{33CA24AB-C737-4AFD-8279-33F8289A1BB5}.Release|x86.Build.0 = Release|Win32
		{4D791FB1-D56E-4904-8E31-AC9387FEA770}.Debug|x64.ActiveCfg = Debug|x64
		{4D791FB1-D56E-4904-8E31-AC9387FEA770}.Debug|x64.Build.0 = Debug|x64
		{4D791FB1-D56E-4904-8E31-AC9387FEA770}.Debug|x86.ActiveCfg = Debug|Win32
		{4D791FB1-D56E-4904-8E31-AC9387FEA770}.Debug|x86.Build.0 = Debug|Win32
		{4D791FB1-D56E-4904-8E31-AC9387FEA770}.Release|x64.ActiveCfg = Release|x64
		{4D791FB1-D56E-4904-8E31-AC9387FEA770}.Release|x64.Build.0 = Release|x64
		{4D791FB1-D56E-4904-8E31-AC9387FEA770}.Release|x86.ActiveCfg = Release|Win32
		{4D791FB1-D56E-4904-8E31-AC9387FEA770}.Release|x86.Build.0 = Release|Win32
		{A3544C62-1EEB-49DD-94DE-5122C8BDF15F}.Debug|x64.ActiveCfg = Debug|x64
		{A3544C62-1EEB-49DD-94DE-5122C8BDF15F}.Debug|x64.Build.0 = Debug|x64
		{A3544C62-1EEB-49DD-94DE-5122C8BDF15F}.Debug|x86.ActiveCfg = Debug|Win32
		{A3544C62-1EEB-49DD-94DE-5122C8BDF15F}.Debug|x86.Build.0 = Debug|Win32
		{A3544C62-1EEB-49DD-94DE-5122C8BDF15F}.Release|x64.ActiveCfg = Release|x64
		{A3544C62-1EEB-49DD-94DE-5122C8BDF15F}.Release|x64.Build.0 = Release|x64
		{A3544C62-1EEB-49DD-94DE-5122C8BDF15F}.Release|x86.ActiveCfg = Release|Win32
		{A3544C62-1EEB-49DD-94DE-5122C8BDF15F}.Release|x86.Build.0 = Release|Win32
		{05C792B6-4E9E-48CD-9EAD-1761BFFEF836}.Debug|x64.ActiveCfg = Debug|x64
		{05C792B6-4E9E-48CD-9EAD-1761BFFEF836}.Debug|x64.Build.0 = Debug|x64
		{05C792B6-4E9E-48CD-9EAD-1761BFFEF836}.Debug|x86.ActiveCfg = Debug|Win32
		{05C792B6-4E9E-48CD-9EAD-1761BFFEF836}.Debug|x86.Build.0 = Debug|Win32
		{05C792B6-4E9E-48CD-9EAD-1761BFFEF836}.Release|x64.ActiveCfg = Release|x64
		{05C792B6-4E9E-48CD-9EAD-1761BFFEF836}.Release|x64.Build.0 = Release|x64
		{05C792B6-4E9E-48CD-9EAD-1761BFFEF836}.Release|x86.ActiveCfg = Release|Win32
		{05C792B6-4E9E-48CD-9EAD-1761BFFEF836}.Release|x86.Build.0 = Release|Win32
		{8027ABC6-D27B-453D-AB8F-072DFCFB127E}.Debug|x64.ActiveCfg = Debug|x64
		{8027ABC6-D27B-453D-AB8F-072DFCFB127E}.Debug|x64.Build.0 = Debug|x64
		{8027ABC6-D27B-453D-AB8F-072DFCFB127E}.Debug|x86.ActiveCfg = Debug|Win32
		{8027ABC6-D27B-453D-AB8F-072DFCFB127E}.Debug|x86.Build.0 = Debug|Win32
		{8027ABC6-D27B-453D-AB8F-072DFCFB127E}.Release|x64.ActiveCfg = Release|x64
		{8027ABC6-D27B-453D-AB8F-072DFCFB127E}.Release|x64.Build.0 = Release|x64
		{8027ABC6-D27B-453D-AB8F-072DFCFB127E}.Release|x86.ActiveCfg = Release|Win32
		{8027ABC6-D27B-453D-AB8F-072DFCFB127E}.Release|x86.Build.0 = Release|Win32
		{9D3132E7-FA4A-445C-A447-CB03ED1FE474}.Debug|x64.ActiveCfg = Debug|x64
		{9D3132E7-FA4A-445C-A447-CB03ED1FE474}.Debug|x64.Build.0 = Debug|x64
		{9D3132E7-FA4A-445C-A447-CB03ED1FE474}.Debug|x86.ActiveCfg = Debug|Win32
		{9D3132E7-FA4A-445C-A447-CB03ED1FE474}.Debug|x86.Build.0 = Debug|Win32
		{9D3132E7-FA4A-445C-A447-CB03ED1FE474}.Release|x64.ActiveCfg = Release|x64
		{9D3132E7-FA4A-445C-A447-CB03ED1FE474}.Release|x64.Build.0 = Release|x64
		{9D3132E7-FA4A-445C-A447-CB03ED1FE474}.Release|x86.ActiveCfg = Release|Win32
		{9D3132E7-FA4A-445C-A447-CB03ED1FE474}.Release|x86.Build.0 = Release|Win32
		{BE742BC2-B721-4DF1-947F-ECB997E18E74}.Debug|x64.ActiveCfg = Debug|x64
		{BE742BC2-B721-4DF1-947F-ECB997E18E74}.Debug|x64.Build.0 = Debug|x64
		{BE742BC2-B721-4DF1-947F-ECB997E18E74}.Debug|x86.ActiveCfg = Debug|Win32
		{BE742BC2-B721-4DF1-947F-ECB997E18E74}.Debug|x86.Build.0 = Debug|Win32
		{BE742BC2-B721-4DF1-947F-ECB997E18E74}.Release|x64.ActiveCfg = Release|x64
		{BE742BC2-B721-4DF1-947F-ECB997E18E74}.Release|x64.Build.0 = Release|x64
		{BE742BC2-B721-4DF1-947F-ECB997E18E74}.Release|x86.ActiveCfg = Release|Win32
		{BE742BC2-B721-4DF1-947F-ECB997E18E74}.Release|x86.Build.0 = Release|Win32
		{FCDFEF11-D9B5-4E99-8B88-521065B33CF5}.Debug|x64.ActiveCfg = Debug|x64
		{FCDFEF11-D9B5-4E99-8B88-521065B33CF5}.Debug|x64.Build.0 = Debug|x64
		{FCDFEF11-D9B5-4E99-8B88-521065B33CF5}.Debug|x86.ActiveCfg = Debug|Win32
		{FCDFEF11-D9B5-4E99-8B88-521065B33CF5}.Debug|x86.Build.0 = Debug|Win32
		{FCDFEF11-D9B5-4E99-8B88-521065B33CF5}.Release|x64.ActiveCfg = Release|x64
		{FCDFEF11-D9B5-4E99-8B88-521065B33CF5}.Release|x64.Build.0 = Release|x64
		{FCDFEF11-D9B5-4E99-8B88-521065B33CF5}.Release|x86.ActiveCfg = Release|Win32
		{FCDFEF11-D9B5-4E99-8B88-521065B33CF5}.Release|x86.Build.0 = Release|Win32
		{E178E37D-F936-4828-A165-147737ACFBD5}.Debug|x64.ActiveCfg = Debug|x64
		{E178E37D-F936-4828-A165-147737ACFBD5}.Debug|x64.Build.0 = Debug|x64
		{E178E37D-F936-4828-A165-147737ACFBD5}.Debug|x86.ActiveCfg = Debug|Win32
		{E178E37D-F936-4828-A165-147737ACFBD5}.Debug|x86.Build.0 = Debug|Win32
		{E178E37D-F936-4828-A165-147737ACFBD5}.Release|x64.ActiveCfg = Release|x64
		{E178E37D-F936-4828-A165-147737ACFBD5}.Release|x64.Build.0 = Release|x64
		{E178E37D-F936-4828-A165-147737ACFBD5}.Release|x86.ActiveCfg = Release|Win32
		{E178E37D-F936-4828-A165-147737ACFBD5}.Release|x86.Build.0 = Release|Win32
	EndGlobalSection
	GlobalSection(SolutionProperties) = preSolution
		HideSolutionNode = FALSE
	EndGlobalSection
EndGlobal
